// !$*UTF8*$!
{
	archiveVersion = 1;
	classes = {
	};
	objectVersion = 46;
	objects = {

/* Begin PBXBuildFile section */
		10033F5E1F25ECF6009771F6 /* DataViewModel.swift in Sources */ = {isa = PBXBuildFile; fileRef = 10033F5D1F25ECF6009771F6 /* DataViewModel.swift */; };
		105DC8BF1F4DEA6400A83951 /* MovieDetailViewController.swift in Sources */ = {isa = PBXBuildFile; fileRef = 105DC8BE1F4DEA6400A83951 /* MovieDetailViewController.swift */; };
		108235D121DFC9EA009F1835 /* APIProxy.swift in Sources */ = {isa = PBXBuildFile; fileRef = 108235D021DFC9EA009F1835 /* APIProxy.swift */; };
		108235D421DFD004009F1835 /* VideoImageCommand.swift in Sources */ = {isa = PBXBuildFile; fileRef = 108235D321DFD004009F1835 /* VideoImageCommand.swift */; };
		108235D621DFD267009F1835 /* FilterCommand.swift in Sources */ = {isa = PBXBuildFile; fileRef = 108235D521DFD267009F1835 /* FilterCommand.swift */; };
		108235D921DFDBE0009F1835 /* VideoBridge.swift in Sources */ = {isa = PBXBuildFile; fileRef = 108235D821DFDBE0009F1835 /* VideoBridge.swift */; };
		108235DC21DFDCA0009F1835 /* Helper.swift in Sources */ = {isa = PBXBuildFile; fileRef = 108235DB21DFDCA0009F1835 /* Helper.swift */; };
		1095A4EB1F43A01C00830211 /* Video.swift in Sources */ = {isa = PBXBuildFile; fileRef = 1095A4EA1F43A01C00830211 /* Video.swift */; };
		10A67B5A1F101C700015E234 /* AppDelegate.swift in Sources */ = {isa = PBXBuildFile; fileRef = 10A67B591F101C700015E234 /* AppDelegate.swift */; };
		10A67B5C1F101C700015E234 /* MyMoviesViewController.swift in Sources */ = {isa = PBXBuildFile; fileRef = 10A67B5B1F101C700015E234 /* MyMoviesViewController.swift */; };
		10A67B5F1F101C700015E234 /* Main.storyboard in Resources */ = {isa = PBXBuildFile; fileRef = 10A67B5D1F101C700015E234 /* Main.storyboard */; };
		10A67B611F101C700015E234 /* Assets.xcassets in Resources */ = {isa = PBXBuildFile; fileRef = 10A67B601F101C700015E234 /* Assets.xcassets */; };
		10A67B641F101C700015E234 /* LaunchScreen.storyboard in Resources */ = {isa = PBXBuildFile; fileRef = 10A67B621F101C700015E234 /* LaunchScreen.storyboard */; };
		10A67B6F1F101C700015E234 /* MovieAppTests.swift in Sources */ = {isa = PBXBuildFile; fileRef = 10A67B6E1F101C700015E234 /* MovieAppTests.swift */; };
		10A67B7A1F101C710015E234 /* MovieAppUITests.swift in Sources */ = {isa = PBXBuildFile; fileRef = 10A67B791F101C710015E234 /* MovieAppUITests.swift */; };
		10A67B881F1021C00015E234 /* FirstTableViewCell.swift in Sources */ = {isa = PBXBuildFile; fileRef = 10A67B871F1021C00015E234 /* FirstTableViewCell.swift */; };
		10BA3C2021F64ACB00297556 /* VideoBuilder.swift in Sources */ = {isa = PBXBuildFile; fileRef = 10BA3C1F21F64ACB00297556 /* VideoBuilder.swift */; };
		10C0C3F12210999F007D262E /* MovieListBuilder.swift in Sources */ = {isa = PBXBuildFile; fileRef = 10C0C3F02210999F007D262E /* MovieListBuilder.swift */; };
		10F0A6AD222D97F800D68B88 /* Implementation.swift in Sources */ = {isa = PBXBuildFile; fileRef = 10F0A6AC222D97F800D68B88 /* Implementation.swift */; };
		4BB8C6E66B3841373E0D6B26 /* Pods_MovieAppUITests.framework in Frameworks */ = {isa = PBXBuildFile; fileRef = A6498CFBCBEB4FCECF5D64DF /* Pods_MovieAppUITests.framework */; };
		895DF5700ECF5387318A333A /* Pods_MovieApp.framework in Frameworks */ = {isa = PBXBuildFile; fileRef = C78C54325C8A324A40782C1D /* Pods_MovieApp.framework */; };
		F7FD15D18893257770337322 /* Pods_MovieAppTests.framework in Frameworks */ = {isa = PBXBuildFile; fileRef = DA7E8BAD86D071CC0CB73BCF /* Pods_MovieAppTests.framework */; };
/* End PBXBuildFile section */

/* Begin PBXContainerItemProxy section */
		10A67B6B1F101C700015E234 /* PBXContainerItemProxy */ = {
			isa = PBXContainerItemProxy;
			containerPortal = 10A67B4E1F101C700015E234 /* Project object */;
			proxyType = 1;
			remoteGlobalIDString = 10A67B551F101C700015E234;
			remoteInfo = MovieApp;
		};
		10A67B761F101C710015E234 /* PBXContainerItemProxy */ = {
			isa = PBXContainerItemProxy;
			containerPortal = 10A67B4E1F101C700015E234 /* Project object */;
			proxyType = 1;
			remoteGlobalIDString = 10A67B551F101C700015E234;
			remoteInfo = MovieApp;
		};
/* End PBXContainerItemProxy section */

/* Begin PBXFileReference section */
		10033F5D1F25ECF6009771F6 /* DataViewModel.swift */ = {isa = PBXFileReference; fileEncoding = 4; lastKnownFileType = sourcecode.swift; path = DataViewModel.swift; sourceTree = "<group>"; };
		105DC8BE1F4DEA6400A83951 /* MovieDetailViewController.swift */ = {isa = PBXFileReference; fileEncoding = 4; lastKnownFileType = sourcecode.swift; path = MovieDetailViewController.swift; sourceTree = "<group>"; };
		108235D021DFC9EA009F1835 /* APIProxy.swift */ = {isa = PBXFileReference; lastKnownFileType = sourcecode.swift; path = APIProxy.swift; sourceTree = "<group>"; };
		108235D321DFD004009F1835 /* VideoImageCommand.swift */ = {isa = PBXFileReference; lastKnownFileType = sourcecode.swift; path = VideoImageCommand.swift; sourceTree = "<group>"; };
		108235D521DFD267009F1835 /* FilterCommand.swift */ = {isa = PBXFileReference; lastKnownFileType = sourcecode.swift; path = FilterCommand.swift; sourceTree = "<group>"; };
		108235D821DFDBE0009F1835 /* VideoBridge.swift */ = {isa = PBXFileReference; lastKnownFileType = sourcecode.swift; path = VideoBridge.swift; sourceTree = "<group>"; };
		108235DB21DFDCA0009F1835 /* Helper.swift */ = {isa = PBXFileReference; lastKnownFileType = sourcecode.swift; path = Helper.swift; sourceTree = "<group>"; };
		1095A4EA1F43A01C00830211 /* Video.swift */ = {isa = PBXFileReference; fileEncoding = 4; lastKnownFileType = sourcecode.swift; path = Video.swift; sourceTree = "<group>"; };
		10A67B561F101C700015E234 /* MovieApp.app */ = {isa = PBXFileReference; explicitFileType = wrapper.application; includeInIndex = 0; path = MovieApp.app; sourceTree = BUILT_PRODUCTS_DIR; };
		10A67B591F101C700015E234 /* AppDelegate.swift */ = {isa = PBXFileReference; lastKnownFileType = sourcecode.swift; path = AppDelegate.swift; sourceTree = "<group>"; };
		10A67B5B1F101C700015E234 /* MyMoviesViewController.swift */ = {isa = PBXFileReference; lastKnownFileType = sourcecode.swift; path = MyMoviesViewController.swift; sourceTree = "<group>"; };
		10A67B5E1F101C700015E234 /* Base */ = {isa = PBXFileReference; lastKnownFileType = file.storyboard; name = Base; path = Base.lproj/Main.storyboard; sourceTree = "<group>"; };
		10A67B601F101C700015E234 /* Assets.xcassets */ = {isa = PBXFileReference; lastKnownFileType = folder.assetcatalog; path = Assets.xcassets; sourceTree = "<group>"; };
		10A67B631F101C700015E234 /* Base */ = {isa = PBXFileReference; lastKnownFileType = file.storyboard; name = Base; path = Base.lproj/LaunchScreen.storyboard; sourceTree = "<group>"; };
		10A67B651F101C700015E234 /* Info.plist */ = {isa = PBXFileReference; lastKnownFileType = text.plist.xml; path = Info.plist; sourceTree = "<group>"; };
		10A67B6A1F101C700015E234 /* MovieAppTests.xctest */ = {isa = PBXFileReference; explicitFileType = wrapper.cfbundle; includeInIndex = 0; path = MovieAppTests.xctest; sourceTree = BUILT_PRODUCTS_DIR; };
		10A67B6E1F101C700015E234 /* MovieAppTests.swift */ = {isa = PBXFileReference; lastKnownFileType = sourcecode.swift; path = MovieAppTests.swift; sourceTree = "<group>"; };
		10A67B701F101C700015E234 /* Info.plist */ = {isa = PBXFileReference; lastKnownFileType = text.plist.xml; path = Info.plist; sourceTree = "<group>"; };
		10A67B751F101C710015E234 /* MovieAppUITests.xctest */ = {isa = PBXFileReference; explicitFileType = wrapper.cfbundle; includeInIndex = 0; path = MovieAppUITests.xctest; sourceTree = BUILT_PRODUCTS_DIR; };
		10A67B791F101C710015E234 /* MovieAppUITests.swift */ = {isa = PBXFileReference; lastKnownFileType = sourcecode.swift; path = MovieAppUITests.swift; sourceTree = "<group>"; };
		10A67B7B1F101C710015E234 /* Info.plist */ = {isa = PBXFileReference; lastKnownFileType = text.plist.xml; path = Info.plist; sourceTree = "<group>"; };
		10A67B871F1021C00015E234 /* FirstTableViewCell.swift */ = {isa = PBXFileReference; fileEncoding = 4; lastKnownFileType = sourcecode.swift; path = FirstTableViewCell.swift; sourceTree = "<group>"; };
		10BA3C1F21F64ACB00297556 /* VideoBuilder.swift */ = {isa = PBXFileReference; lastKnownFileType = sourcecode.swift; path = VideoBuilder.swift; sourceTree = "<group>"; };
		10C0C3F02210999F007D262E /* MovieListBuilder.swift */ = {isa = PBXFileReference; lastKnownFileType = sourcecode.swift; path = MovieListBuilder.swift; sourceTree = "<group>"; };
		10F0A6AC222D97F800D68B88 /* Implementation.swift */ = {isa = PBXFileReference; lastKnownFileType = sourcecode.swift; path = Implementation.swift; sourceTree = "<group>"; };
		27A7B69152C8DEB5E7615D11 /* Pods-MovieAppTests.debug.xcconfig */ = {isa = PBXFileReference; includeInIndex = 1; lastKnownFileType = text.xcconfig; name = "Pods-MovieAppTests.debug.xcconfig"; path = "Pods/Target Support Files/Pods-MovieAppTests/Pods-MovieAppTests.debug.xcconfig"; sourceTree = "<group>"; };
		36C919529BF1E988E6049117 /* Pods-MovieApp.debug.xcconfig */ = {isa = PBXFileReference; includeInIndex = 1; lastKnownFileType = text.xcconfig; name = "Pods-MovieApp.debug.xcconfig"; path = "Pods/Target Support Files/Pods-MovieApp/Pods-MovieApp.debug.xcconfig"; sourceTree = "<group>"; };
		A6498CFBCBEB4FCECF5D64DF /* Pods_MovieAppUITests.framework */ = {isa = PBXFileReference; explicitFileType = wrapper.framework; includeInIndex = 0; path = Pods_MovieAppUITests.framework; sourceTree = BUILT_PRODUCTS_DIR; };
		A812888C94B0332ADEBAD08C /* Pods-MovieAppUITests.debug.xcconfig */ = {isa = PBXFileReference; includeInIndex = 1; lastKnownFileType = text.xcconfig; name = "Pods-MovieAppUITests.debug.xcconfig"; path = "Pods/Target Support Files/Pods-MovieAppUITests/Pods-MovieAppUITests.debug.xcconfig"; sourceTree = "<group>"; };
		B97941710BB818F80703FBD4 /* Pods-MovieAppUITests.release.xcconfig */ = {isa = PBXFileReference; includeInIndex = 1; lastKnownFileType = text.xcconfig; name = "Pods-MovieAppUITests.release.xcconfig"; path = "Pods/Target Support Files/Pods-MovieAppUITests/Pods-MovieAppUITests.release.xcconfig"; sourceTree = "<group>"; };
		BD58733CE71FF801718C05D2 /* Pods-MovieAppTests.release.xcconfig */ = {isa = PBXFileReference; includeInIndex = 1; lastKnownFileType = text.xcconfig; name = "Pods-MovieAppTests.release.xcconfig"; path = "Pods/Target Support Files/Pods-MovieAppTests/Pods-MovieAppTests.release.xcconfig"; sourceTree = "<group>"; };
		C78C54325C8A324A40782C1D /* Pods_MovieApp.framework */ = {isa = PBXFileReference; explicitFileType = wrapper.framework; includeInIndex = 0; path = Pods_MovieApp.framework; sourceTree = BUILT_PRODUCTS_DIR; };
		CC8FF4AF2293EB4F43FBBAED /* Pods-MovieApp.release.xcconfig */ = {isa = PBXFileReference; includeInIndex = 1; lastKnownFileType = text.xcconfig; name = "Pods-MovieApp.release.xcconfig"; path = "Pods/Target Support Files/Pods-MovieApp/Pods-MovieApp.release.xcconfig"; sourceTree = "<group>"; };
		DA7E8BAD86D071CC0CB73BCF /* Pods_MovieAppTests.framework */ = {isa = PBXFileReference; explicitFileType = wrapper.framework; includeInIndex = 0; path = Pods_MovieAppTests.framework; sourceTree = BUILT_PRODUCTS_DIR; };
/* End PBXFileReference section */

/* Begin PBXFrameworksBuildPhase section */
		10A67B531F101C700015E234 /* Frameworks */ = {
			isa = PBXFrameworksBuildPhase;
			buildActionMask = 2147483647;
			files = (
				895DF5700ECF5387318A333A /* Pods_MovieApp.framework in Frameworks */,
			);
			runOnlyForDeploymentPostprocessing = 0;
		};
		10A67B671F101C700015E234 /* Frameworks */ = {
			isa = PBXFrameworksBuildPhase;
			buildActionMask = 2147483647;
			files = (
				F7FD15D18893257770337322 /* Pods_MovieAppTests.framework in Frameworks */,
			);
			runOnlyForDeploymentPostprocessing = 0;
		};
		10A67B721F101C710015E234 /* Frameworks */ = {
			isa = PBXFrameworksBuildPhase;
			buildActionMask = 2147483647;
			files = (
				4BB8C6E66B3841373E0D6B26 /* Pods_MovieAppUITests.framework in Frameworks */,
			);
			runOnlyForDeploymentPostprocessing = 0;
		};
/* End PBXFrameworksBuildPhase section */

/* Begin PBXGroup section */
		106CFE8A1FD47AB0002BE8B1 /* View Controllers */ = {
			isa = PBXGroup;
			children = (
				10A67B5B1F101C700015E234 /* MyMoviesViewController.swift */,
				10A67B871F1021C00015E234 /* FirstTableViewCell.swift */,
				105DC8BE1F4DEA6400A83951 /* MovieDetailViewController.swift */,
			);
			name = "View Controllers";
			sourceTree = "<group>";
		};
		106CFE8B1FD47ABC002BE8B1 /* Models */ = {
			isa = PBXGroup;
			children = (
				1095A4EA1F43A01C00830211 /* Video.swift */,
				10033F5D1F25ECF6009771F6 /* DataViewModel.swift */,
			);
			name = Models;
			sourceTree = "<group>";
		};
		108235CF21DFC9AF009F1835 /* Proxy */ = {
			isa = PBXGroup;
			children = (
				108235D021DFC9EA009F1835 /* APIProxy.swift */,
			);
			name = Proxy;
			sourceTree = "<group>";
		};
		108235D221DFCFDE009F1835 /* Command */ = {
			isa = PBXGroup;
			children = (
				108235D321DFD004009F1835 /* VideoImageCommand.swift */,
				108235D521DFD267009F1835 /* FilterCommand.swift */,
			);
			name = Command;
			sourceTree = "<group>";
		};
		108235D721DFDBCF009F1835 /* Bridge */ = {
			isa = PBXGroup;
			children = (
				108235D821DFDBE0009F1835 /* VideoBridge.swift */,
				10F0A6AC222D97F800D68B88 /* Implementation.swift */,
			);
			name = Bridge;
			sourceTree = "<group>";
		};
		108235DA21DFDC8A009F1835 /* Ultilities */ = {
			isa = PBXGroup;
			children = (
				108235DB21DFDCA0009F1835 /* Helper.swift */,
			);
			name = Ultilities;
			sourceTree = "<group>";
		};
		10A67B4D1F101C700015E234 = {
			isa = PBXGroup;
			children = (
				10A67B581F101C700015E234 /* MovieApp */,
				10A67B6D1F101C700015E234 /* MovieAppTests */,
				10A67B781F101C710015E234 /* MovieAppUITests */,
				10A67B571F101C700015E234 /* Products */,
				97532374DD37FED92F9C3B9F /* Pods */,
				632BCDB2815A080D88A4AA25 /* Frameworks */,
			);
			sourceTree = "<group>";
		};
		10A67B571F101C700015E234 /* Products */ = {
			isa = PBXGroup;
			children = (
				10A67B561F101C700015E234 /* MovieApp.app */,
				10A67B6A1F101C700015E234 /* MovieAppTests.xctest */,
				10A67B751F101C710015E234 /* MovieAppUITests.xctest */,
			);
			name = Products;
			sourceTree = "<group>";
		};
		10A67B581F101C700015E234 /* MovieApp */ = {
			isa = PBXGroup;
			children = (
				10BA3C1E21F64AB500297556 /* Builder */,
				108235DA21DFDC8A009F1835 /* Ultilities */,
				108235D721DFDBCF009F1835 /* Bridge */,
				108235D221DFCFDE009F1835 /* Command */,
				108235CF21DFC9AF009F1835 /* Proxy */,
				106CFE8B1FD47ABC002BE8B1 /* Models */,
				106CFE8A1FD47AB0002BE8B1 /* View Controllers */,
				10A67B591F101C700015E234 /* AppDelegate.swift */,
				10A67B5D1F101C700015E234 /* Main.storyboard */,
				10A67B601F101C700015E234 /* Assets.xcassets */,
				10A67B621F101C700015E234 /* LaunchScreen.storyboard */,
				10A67B651F101C700015E234 /* Info.plist */,
			);
			path = MovieApp;
			sourceTree = "<group>";
		};
		10A67B6D1F101C700015E234 /* MovieAppTests */ = {
			isa = PBXGroup;
			children = (
				10A67B6E1F101C700015E234 /* MovieAppTests.swift */,
				10A67B701F101C700015E234 /* Info.plist */,
			);
			path = MovieAppTests;
			sourceTree = "<group>";
		};
		10A67B781F101C710015E234 /* MovieAppUITests */ = {
			isa = PBXGroup;
			children = (
				10A67B791F101C710015E234 /* MovieAppUITests.swift */,
				10A67B7B1F101C710015E234 /* Info.plist */,
			);
			path = MovieAppUITests;
			sourceTree = "<group>";
		};
		10BA3C1E21F64AB500297556 /* Builder */ = {
			isa = PBXGroup;
			children = (
				10BA3C1F21F64ACB00297556 /* VideoBuilder.swift */,
				10C0C3F02210999F007D262E /* MovieListBuilder.swift */,
			);
			name = Builder;
			sourceTree = "<group>";
		};
		632BCDB2815A080D88A4AA25 /* Frameworks */ = {
			isa = PBXGroup;
			children = (
				C78C54325C8A324A40782C1D /* Pods_MovieApp.framework */,
				DA7E8BAD86D071CC0CB73BCF /* Pods_MovieAppTests.framework */,
				A6498CFBCBEB4FCECF5D64DF /* Pods_MovieAppUITests.framework */,
			);
			name = Frameworks;
			sourceTree = "<group>";
		};
		97532374DD37FED92F9C3B9F /* Pods */ = {
			isa = PBXGroup;
			children = (
				36C919529BF1E988E6049117 /* Pods-MovieApp.debug.xcconfig */,
				CC8FF4AF2293EB4F43FBBAED /* Pods-MovieApp.release.xcconfig */,
				27A7B69152C8DEB5E7615D11 /* Pods-MovieAppTests.debug.xcconfig */,
				BD58733CE71FF801718C05D2 /* Pods-MovieAppTests.release.xcconfig */,
				A812888C94B0332ADEBAD08C /* Pods-MovieAppUITests.debug.xcconfig */,
				B97941710BB818F80703FBD4 /* Pods-MovieAppUITests.release.xcconfig */,
			);
			name = Pods;
			sourceTree = "<group>";
		};
/* End PBXGroup section */

/* Begin PBXNativeTarget section */
		10A67B551F101C700015E234 /* MovieApp */ = {
			isa = PBXNativeTarget;
			buildConfigurationList = 10A67B7E1F101C710015E234 /* Build configuration list for PBXNativeTarget "MovieApp" */;
			buildPhases = (
				6DAFBAF35DBEB79B824B3E83 /* [CP] Check Pods Manifest.lock */,
				10A67B521F101C700015E234 /* Sources */,
				10A67B531F101C700015E234 /* Frameworks */,
				10A67B541F101C700015E234 /* Resources */,
				BB853FF6A91E56F4F7B07CFF /* [CP] Embed Pods Frameworks */,
			);
			buildRules = (
			);
			dependencies = (
			);
			name = MovieApp;
			productName = MovieApp;
			productReference = 10A67B561F101C700015E234 /* MovieApp.app */;
			productType = "com.apple.product-type.application";
		};
		10A67B691F101C700015E234 /* MovieAppTests */ = {
			isa = PBXNativeTarget;
			buildConfigurationList = 10A67B811F101C710015E234 /* Build configuration list for PBXNativeTarget "MovieAppTests" */;
			buildPhases = (
				EC1765A2E0B034899540582E /* [CP] Check Pods Manifest.lock */,
				10A67B661F101C700015E234 /* Sources */,
				10A67B671F101C700015E234 /* Frameworks */,
				10A67B681F101C700015E234 /* Resources */,
			);
			buildRules = (
			);
			dependencies = (
				10A67B6C1F101C700015E234 /* PBXTargetDependency */,
			);
			name = MovieAppTests;
			productName = MovieAppTests;
			productReference = 10A67B6A1F101C700015E234 /* MovieAppTests.xctest */;
			productType = "com.apple.product-type.bundle.unit-test";
		};
		10A67B741F101C710015E234 /* MovieAppUITests */ = {
			isa = PBXNativeTarget;
			buildConfigurationList = 10A67B841F101C710015E234 /* Build configuration list for PBXNativeTarget "MovieAppUITests" */;
			buildPhases = (
				C7A105945286453356F3986C /* [CP] Check Pods Manifest.lock */,
				10A67B711F101C710015E234 /* Sources */,
				10A67B721F101C710015E234 /* Frameworks */,
				10A67B731F101C710015E234 /* Resources */,
			);
			buildRules = (
			);
			dependencies = (
				10A67B771F101C710015E234 /* PBXTargetDependency */,
			);
			name = MovieAppUITests;
			productName = MovieAppUITests;
			productReference = 10A67B751F101C710015E234 /* MovieAppUITests.xctest */;
			productType = "com.apple.product-type.bundle.ui-testing";
		};
/* End PBXNativeTarget section */

/* Begin PBXProject section */
		10A67B4E1F101C700015E234 /* Project object */ = {
			isa = PBXProject;
			attributes = {
				LastSwiftUpdateCheck = 0820;
				LastUpgradeCheck = 0920;
				ORGANIZATIONNAME = LeeX;
				TargetAttributes = {
					10A67B551F101C700015E234 = {
						CreatedOnToolsVersion = 8.2;
						DevelopmentTeam = 3KVCFKUZZ6;
						LastSwiftMigration = 0920;
						ProvisioningStyle = Automatic;
					};
					10A67B691F101C700015E234 = {
						CreatedOnToolsVersion = 8.2;
						LastSwiftMigration = 0920;
						ProvisioningStyle = Automatic;
						TestTargetID = 10A67B551F101C700015E234;
					};
					10A67B741F101C710015E234 = {
						CreatedOnToolsVersion = 8.2;
						LastSwiftMigration = 0920;
						ProvisioningStyle = Automatic;
						TestTargetID = 10A67B551F101C700015E234;
					};
				};
			};
			buildConfigurationList = 10A67B511F101C700015E234 /* Build configuration list for PBXProject "MovieApp" */;
			compatibilityVersion = "Xcode 3.2";
			developmentRegion = English;
			hasScannedForEncodings = 0;
			knownRegions = (
				en,
				Base,
			);
			mainGroup = 10A67B4D1F101C700015E234;
			productRefGroup = 10A67B571F101C700015E234 /* Products */;
			projectDirPath = "";
			projectRoot = "";
			targets = (
				10A67B551F101C700015E234 /* MovieApp */,
				10A67B691F101C700015E234 /* MovieAppTests */,
				10A67B741F101C710015E234 /* MovieAppUITests */,
			);
		};
/* End PBXProject section */

/* Begin PBXResourcesBuildPhase section */
		10A67B541F101C700015E234 /* Resources */ = {
			isa = PBXResourcesBuildPhase;
			buildActionMask = 2147483647;
			files = (
				10A67B641F101C700015E234 /* LaunchScreen.storyboard in Resources */,
				10A67B611F101C700015E234 /* Assets.xcassets in Resources */,
				10A67B5F1F101C700015E234 /* Main.storyboard in Resources */,
			);
			runOnlyForDeploymentPostprocessing = 0;
		};
		10A67B681F101C700015E234 /* Resources */ = {
			isa = PBXResourcesBuildPhase;
			buildActionMask = 2147483647;
			files = (
			);
			runOnlyForDeploymentPostprocessing = 0;
		};
		10A67B731F101C710015E234 /* Resources */ = {
			isa = PBXResourcesBuildPhase;
			buildActionMask = 2147483647;
			files = (
			);
			runOnlyForDeploymentPostprocessing = 0;
		};
/* End PBXResourcesBuildPhase section */

/* Begin PBXShellScriptBuildPhase section */
		6DAFBAF35DBEB79B824B3E83 /* [CP] Check Pods Manifest.lock */ = {
			isa = PBXShellScriptBuildPhase;
			buildActionMask = 2147483647;
			files = (
			);
			inputPaths = (
				"${PODS_PODFILE_DIR_PATH}/Podfile.lock",
				"${PODS_ROOT}/Manifest.lock",
			);
			name = "[CP] Check Pods Manifest.lock";
			outputPaths = (
				"$(DERIVED_FILE_DIR)/Pods-MovieApp-checkManifestLockResult.txt",
			);
			runOnlyForDeploymentPostprocessing = 0;
			shellPath = /bin/sh;
			shellScript = "diff \"${PODS_PODFILE_DIR_PATH}/Podfile.lock\" \"${PODS_ROOT}/Manifest.lock\" > /dev/null\nif [ $? != 0 ] ; then\n    # print error to STDERR\n    echo \"error: The sandbox is not in sync with the Podfile.lock. Run 'pod install' or update your CocoaPods installation.\" >&2\n    exit 1\nfi\n# This output is used by Xcode 'outputs' to avoid re-running this script phase.\necho \"SUCCESS\" > \"${SCRIPT_OUTPUT_FILE_0}\"\n";
			showEnvVarsInLog = 0;
		};
		BB853FF6A91E56F4F7B07CFF /* [CP] Embed Pods Frameworks */ = {
			isa = PBXShellScriptBuildPhase;
			buildActionMask = 2147483647;
			files = (
			);
			inputPaths = (
				"${SRCROOT}/Pods/Target Support Files/Pods-MovieApp/Pods-MovieApp-frameworks.sh",
				"${BUILT_PRODUCTS_DIR}/AFNetworking/AFNetworking.framework",
				"${BUILT_PRODUCTS_DIR}/Alamofire/Alamofire.framework",
				"${BUILT_PRODUCTS_DIR}/AlamofireImage/AlamofireImage.framework",
			);
			name = "[CP] Embed Pods Frameworks";
			outputPaths = (
				"${TARGET_BUILD_DIR}/${FRAMEWORKS_FOLDER_PATH}/AFNetworking.framework",
				"${TARGET_BUILD_DIR}/${FRAMEWORKS_FOLDER_PATH}/Alamofire.framework",
				"${TARGET_BUILD_DIR}/${FRAMEWORKS_FOLDER_PATH}/AlamofireImage.framework",
			);
			runOnlyForDeploymentPostprocessing = 0;
			shellPath = /bin/sh;
			shellScript = "\"${SRCROOT}/Pods/Target Support Files/Pods-MovieApp/Pods-MovieApp-frameworks.sh\"\n";
			showEnvVarsInLog = 0;
		};
		C7A105945286453356F3986C /* [CP] Check Pods Manifest.lock */ = {
			isa = PBXShellScriptBuildPhase;
			buildActionMask = 2147483647;
			files = (
			);
			inputPaths = (
				"${PODS_PODFILE_DIR_PATH}/Podfile.lock",
				"${PODS_ROOT}/Manifest.lock",
			);
			name = "[CP] Check Pods Manifest.lock";
			outputPaths = (
				"$(DERIVED_FILE_DIR)/Pods-MovieAppUITests-checkManifestLockResult.txt",
			);
			runOnlyForDeploymentPostprocessing = 0;
			shellPath = /bin/sh;
			shellScript = "diff \"${PODS_PODFILE_DIR_PATH}/Podfile.lock\" \"${PODS_ROOT}/Manifest.lock\" > /dev/null\nif [ $? != 0 ] ; then\n    # print error to STDERR\n    echo \"error: The sandbox is not in sync with the Podfile.lock. Run 'pod install' or update your CocoaPods installation.\" >&2\n    exit 1\nfi\n# This output is used by Xcode 'outputs' to avoid re-running this script phase.\necho \"SUCCESS\" > \"${SCRIPT_OUTPUT_FILE_0}\"\n";
			showEnvVarsInLog = 0;
		};
		EC1765A2E0B034899540582E /* [CP] Check Pods Manifest.lock */ = {
			isa = PBXShellScriptBuildPhase;
			buildActionMask = 2147483647;
			files = (
			);
			inputPaths = (
				"${PODS_PODFILE_DIR_PATH}/Podfile.lock",
				"${PODS_ROOT}/Manifest.lock",
			);
			name = "[CP] Check Pods Manifest.lock";
			outputPaths = (
				"$(DERIVED_FILE_DIR)/Pods-MovieAppTests-checkManifestLockResult.txt",
			);
			runOnlyForDeploymentPostprocessing = 0;
			shellPath = /bin/sh;
			shellScript = "diff \"${PODS_PODFILE_DIR_PATH}/Podfile.lock\" \"${PODS_ROOT}/Manifest.lock\" > /dev/null\nif [ $? != 0 ] ; then\n    # print error to STDERR\n    echo \"error: The sandbox is not in sync with the Podfile.lock. Run 'pod install' or update your CocoaPods installation.\" >&2\n    exit 1\nfi\n# This output is used by Xcode 'outputs' to avoid re-running this script phase.\necho \"SUCCESS\" > \"${SCRIPT_OUTPUT_FILE_0}\"\n";
			showEnvVarsInLog = 0;
		};
/* End PBXShellScriptBuildPhase section */

/* Begin PBXSourcesBuildPhase section */
		10A67B521F101C700015E234 /* Sources */ = {
			isa = PBXSourcesBuildPhase;
			buildActionMask = 2147483647;
			files = (
				108235DC21DFDCA0009F1835 /* Helper.swift in Sources */,
				10C0C3F12210999F007D262E /* MovieListBuilder.swift in Sources */,
				105DC8BF1F4DEA6400A83951 /* MovieDetailViewController.swift in Sources */,
				10F0A6AD222D97F800D68B88 /* Implementation.swift in Sources */,
				108235D621DFD267009F1835 /* FilterCommand.swift in Sources */,
				10BA3C2021F64ACB00297556 /* VideoBuilder.swift in Sources */,
				108235D121DFC9EA009F1835 /* APIProxy.swift in Sources */,
				10A67B881F1021C00015E234 /* FirstTableViewCell.swift in Sources */,
				108235D421DFD004009F1835 /* VideoImageCommand.swift in Sources */,
				10033F5E1F25ECF6009771F6 /* DataViewModel.swift in Sources */,
				108235D921DFDBE0009F1835 /* VideoBridge.swift in Sources */,
				10A67B5C1F101C700015E234 /* MyMoviesViewController.swift in Sources */,
				10A67B5A1F101C700015E234 /* AppDelegate.swift in Sources */,
				1095A4EB1F43A01C00830211 /* Video.swift in Sources */,
			);
			runOnlyForDeploymentPostprocessing = 0;
		};
		10A67B661F101C700015E234 /* Sources */ = {
			isa = PBXSourcesBuildPhase;
			buildActionMask = 2147483647;
			files = (
				10A67B6F1F101C700015E234 /* MovieAppTests.swift in Sources */,
			);
			runOnlyForDeploymentPostprocessing = 0;
		};
		10A67B711F101C710015E234 /* Sources */ = {
			isa = PBXSourcesBuildPhase;
			buildActionMask = 2147483647;
			files = (
				10A67B7A1F101C710015E234 /* MovieAppUITests.swift in Sources */,
			);
			runOnlyForDeploymentPostprocessing = 0;
		};
/* End PBXSourcesBuildPhase section */

/* Begin PBXTargetDependency section */
		10A67B6C1F101C700015E234 /* PBXTargetDependency */ = {
			isa = PBXTargetDependency;
			target = 10A67B551F101C700015E234 /* MovieApp */;
			targetProxy = 10A67B6B1F101C700015E234 /* PBXContainerItemProxy */;
		};
		10A67B771F101C710015E234 /* PBXTargetDependency */ = {
			isa = PBXTargetDependency;
			target = 10A67B551F101C700015E234 /* MovieApp */;
			targetProxy = 10A67B761F101C710015E234 /* PBXContainerItemProxy */;
		};
/* End PBXTargetDependency section */

/* Begin PBXVariantGroup section */
		10A67B5D1F101C700015E234 /* Main.storyboard */ = {
			isa = PBXVariantGroup;
			children = (
				10A67B5E1F101C700015E234 /* Base */,
			);
			name = Main.storyboard;
			sourceTree = "<group>";
		};
		10A67B621F101C700015E234 /* LaunchScreen.storyboard */ = {
			isa = PBXVariantGroup;
			children = (
				10A67B631F101C700015E234 /* Base */,
			);
			name = LaunchScreen.storyboard;
			sourceTree = "<group>";
		};
/* End PBXVariantGroup section */

/* Begin XCBuildConfiguration section */
		10A67B7C1F101C710015E234 /* Debug */ = {
			isa = XCBuildConfiguration;
			buildSettings = {
				ALWAYS_SEARCH_USER_PATHS = NO;
				CLANG_ANALYZER_NONNULL = YES;
				CLANG_CXX_LANGUAGE_STANDARD = "gnu++0x";
				CLANG_CXX_LIBRARY = "libc++";
				CLANG_ENABLE_MODULES = YES;
				CLANG_ENABLE_OBJC_ARC = YES;
				CLANG_WARN_BLOCK_CAPTURE_AUTORELEASING = YES;
				CLANG_WARN_BOOL_CONVERSION = YES;
				CLANG_WARN_COMMA = YES;
				CLANG_WARN_CONSTANT_CONVERSION = YES;
				CLANG_WARN_DIRECT_OBJC_ISA_USAGE = YES_ERROR;
				CLANG_WARN_DOCUMENTATION_COMMENTS = YES;
				CLANG_WARN_EMPTY_BODY = YES;
				CLANG_WARN_ENUM_CONVERSION = YES;
				CLANG_WARN_INFINITE_RECURSION = YES;
				CLANG_WARN_INT_CONVERSION = YES;
				CLANG_WARN_NON_LITERAL_NULL_CONVERSION = YES;
				CLANG_WARN_OBJC_LITERAL_CONVERSION = YES;
				CLANG_WARN_OBJC_ROOT_CLASS = YES_ERROR;
				CLANG_WARN_RANGE_LOOP_ANALYSIS = YES;
				CLANG_WARN_STRICT_PROTOTYPES = YES;
				CLANG_WARN_SUSPICIOUS_MOVE = YES;
				CLANG_WARN_UNREACHABLE_CODE = YES;
				CLANG_WARN__DUPLICATE_METHOD_MATCH = YES;
				"CODE_SIGN_IDENTITY[sdk=iphoneos*]" = "iPhone Developer";
				COPY_PHASE_STRIP = NO;
				DEBUG_INFORMATION_FORMAT = dwarf;
				ENABLE_STRICT_OBJC_MSGSEND = YES;
				ENABLE_TESTABILITY = YES;
				GCC_C_LANGUAGE_STANDARD = gnu99;
				GCC_DYNAMIC_NO_PIC = NO;
				GCC_NO_COMMON_BLOCKS = YES;
				GCC_OPTIMIZATION_LEVEL = 0;
				GCC_PREPROCESSOR_DEFINITIONS = (
					"DEBUG=1",
					"$(inherited)",
				);
				GCC_WARN_64_TO_32_BIT_CONVERSION = YES;
				GCC_WARN_ABOUT_RETURN_TYPE = YES_ERROR;
				GCC_WARN_UNDECLARED_SELECTOR = YES;
				GCC_WARN_UNINITIALIZED_AUTOS = YES_AGGRESSIVE;
				GCC_WARN_UNUSED_FUNCTION = YES;
				GCC_WARN_UNUSED_VARIABLE = YES;
				IPHONEOS_DEPLOYMENT_TARGET = 10.2;
				MTL_ENABLE_DEBUG_INFO = YES;
				ONLY_ACTIVE_ARCH = YES;
				SDKROOT = iphoneos;
				SWIFT_ACTIVE_COMPILATION_CONDITIONS = DEBUG;
				SWIFT_OPTIMIZATION_LEVEL = "-Onone";
				TARGETED_DEVICE_FAMILY = "1,2";
			};
			name = Debug;
		};
		10A67B7D1F101C710015E234 /* Release */ = {
			isa = XCBuildConfiguration;
			buildSettings = {
				ALWAYS_SEARCH_USER_PATHS = NO;
				CLANG_ANALYZER_NONNULL = YES;
				CLANG_CXX_LANGUAGE_STANDARD = "gnu++0x";
				CLANG_CXX_LIBRARY = "libc++";
				CLANG_ENABLE_MODULES = YES;
				CLANG_ENABLE_OBJC_ARC = YES;
				CLANG_WARN_BLOCK_CAPTURE_AUTORELEASING = YES;
				CLANG_WARN_BOOL_CONVERSION = YES;
				CLANG_WARN_COMMA = YES;
				CLANG_WARN_CONSTANT_CONVERSION = YES;
				CLANG_WARN_DIRECT_OBJC_ISA_USAGE = YES_ERROR;
				CLANG_WARN_DOCUMENTATION_COMMENTS = YES;
				CLANG_WARN_EMPTY_BODY = YES;
				CLANG_WARN_ENUM_CONVERSION = YES;
				CLANG_WARN_INFINITE_RECURSION = YES;
				CLANG_WARN_INT_CONVERSION = YES;
				CLANG_WARN_NON_LITERAL_NULL_CONVERSION = YES;
				CLANG_WARN_OBJC_LITERAL_CONVERSION = YES;
				CLANG_WARN_OBJC_ROOT_CLASS = YES_ERROR;
				CLANG_WARN_RANGE_LOOP_ANALYSIS = YES;
				CLANG_WARN_STRICT_PROTOTYPES = YES;
				CLANG_WARN_SUSPICIOUS_MOVE = YES;
				CLANG_WARN_UNREACHABLE_CODE = YES;
				CLANG_WARN__DUPLICATE_METHOD_MATCH = YES;
				"CODE_SIGN_IDENTITY[sdk=iphoneos*]" = "iPhone Developer";
				COPY_PHASE_STRIP = NO;
				DEBUG_INFORMATION_FORMAT = "dwarf-with-dsym";
				ENABLE_NS_ASSERTIONS = NO;
				ENABLE_STRICT_OBJC_MSGSEND = YES;
				GCC_C_LANGUAGE_STANDARD = gnu99;
				GCC_NO_COMMON_BLOCKS = YES;
				GCC_WARN_64_TO_32_BIT_CONVERSION = YES;
				GCC_WARN_ABOUT_RETURN_TYPE = YES_ERROR;
				GCC_WARN_UNDECLARED_SELECTOR = YES;
				GCC_WARN_UNINITIALIZED_AUTOS = YES_AGGRESSIVE;
				GCC_WARN_UNUSED_FUNCTION = YES;
				GCC_WARN_UNUSED_VARIABLE = YES;
				IPHONEOS_DEPLOYMENT_TARGET = 10.2;
				MTL_ENABLE_DEBUG_INFO = NO;
				SDKROOT = iphoneos;
				SWIFT_OPTIMIZATION_LEVEL = "-Owholemodule";
				TARGETED_DEVICE_FAMILY = "1,2";
				VALIDATE_PRODUCT = YES;
			};
			name = Release;
		};
		10A67B7F1F101C710015E234 /* Debug */ = {
			isa = XCBuildConfiguration;
			baseConfigurationReference = 36C919529BF1E988E6049117 /* Pods-MovieApp.debug.xcconfig */;
			buildSettings = {
				ASSETCATALOG_COMPILER_APPICON_NAME = AppIcon;
				DEVELOPMENT_TEAM = 3KVCFKUZZ6;
				INFOPLIST_FILE = MovieApp/Info.plist;
				LD_RUNPATH_SEARCH_PATHS = "$(inherited) @executable_path/Frameworks";
				PRODUCT_BUNDLE_IDENTIFIER = LeeX.MovieApp;
				PRODUCT_NAME = "$(TARGET_NAME)";
				SWIFT_SWIFT3_OBJC_INFERENCE = On;
				SWIFT_VERSION = 4.0;
			};
			name = Debug;
		};
		10A67B801F101C710015E234 /* Release */ = {
			isa = XCBuildConfiguration;
			baseConfigurationReference = CC8FF4AF2293EB4F43FBBAED /* Pods-MovieApp.release.xcconfig */;
			buildSettings = {
				ASSETCATALOG_COMPILER_APPICON_NAME = AppIcon;
				DEVELOPMENT_TEAM = 3KVCFKUZZ6;
				INFOPLIST_FILE = MovieApp/Info.plist;
				LD_RUNPATH_SEARCH_PATHS = "$(inherited) @executable_path/Frameworks";
				PRODUCT_BUNDLE_IDENTIFIER = LeeX.MovieApp;
				PRODUCT_NAME = "$(TARGET_NAME)";
				SWIFT_SWIFT3_OBJC_INFERENCE = On;
				SWIFT_VERSION = 4.0;
			};
			name = Release;
		};
		10A67B821F101C710015E234 /* Debug */ = {
			isa = XCBuildConfiguration;
			baseConfigurationReference = 27A7B69152C8DEB5E7615D11 /* Pods-MovieAppTests.debug.xcconfig */;
			buildSettings = {
				ALWAYS_EMBED_SWIFT_STANDARD_LIBRARIES = YES;
				BUNDLE_LOADER = "$(TEST_HOST)";
				INFOPLIST_FILE = MovieAppTests/Info.plist;
				LD_RUNPATH_SEARCH_PATHS = "$(inherited) @executable_path/Frameworks @loader_path/Frameworks";
				PRODUCT_BUNDLE_IDENTIFIER = LeeX.MovieAppTests;
				PRODUCT_NAME = "$(TARGET_NAME)";
				SWIFT_SWIFT3_OBJC_INFERENCE = On;
				SWIFT_VERSION = 4.0;
				TEST_HOST = "$(BUILT_PRODUCTS_DIR)/MovieApp.app/MovieApp";
			};
			name = Debug;
		};
		10A67B831F101C710015E234 /* Release */ = {
			isa = XCBuildConfiguration;
			baseConfigurationReference = BD58733CE71FF801718C05D2 /* Pods-MovieAppTests.release.xcconfig */;
			buildSettings = {
				ALWAYS_EMBED_SWIFT_STANDARD_LIBRARIES = YES;
				BUNDLE_LOADER = "$(TEST_HOST)";
				INFOPLIST_FILE = MovieAppTests/Info.plist;
				LD_RUNPATH_SEARCH_PATHS = "$(inherited) @executable_path/Frameworks @loader_path/Frameworks";
				PRODUCT_BUNDLE_IDENTIFIER = LeeX.MovieAppTests;
				PRODUCT_NAME = "$(TARGET_NAME)";
				SWIFT_SWIFT3_OBJC_INFERENCE = On;
				SWIFT_VERSION = 4.0;
				TEST_HOST = "$(BUILT_PRODUCTS_DIR)/MovieApp.app/MovieApp";
			};
			name = Release;
		};
		10A67B851F101C710015E234 /* Debug */ = {
			isa = XCBuildConfiguration;
			baseConfigurationReference = A812888C94B0332ADEBAD08C /* Pods-MovieAppUITests.debug.xcconfig */;
			buildSettings = {
				ALWAYS_EMBED_SWIFT_STANDARD_LIBRARIES = YES;
				INFOPLIST_FILE = MovieAppUITests/Info.plist;
				LD_RUNPATH_SEARCH_PATHS = "$(inherited) @executable_path/Frameworks @loader_path/Frameworks";
				PRODUCT_BUNDLE_IDENTIFIER = LeeX.MovieAppUITests;
				PRODUCT_NAME = "$(TARGET_NAME)";
				SWIFT_SWIFT3_OBJC_INFERENCE = On;
				SWIFT_VERSION = 4.0;
				TEST_TARGET_NAME = MovieApp;
			};
			name = Debug;
		};
		10A67B861F101C710015E234 /* Release */ = {
			isa = XCBuildConfiguration;
			baseConfigurationReference = B97941710BB818F80703FBD4 /* Pods-MovieAppUITests.release.xcconfig */;
			buildSettings = {
				ALWAYS_EMBED_SWIFT_STANDARD_LIBRARIES = YES;
				INFOPLIST_FILE = MovieAppUITests/Info.plist;
				LD_RUNPATH_SEARCH_PATHS = "$(inherited) @executable_path/Frameworks @loader_path/Frameworks";
				PRODUCT_BUNDLE_IDENTIFIER = LeeX.MovieAppUITests;
				PRODUCT_NAME = "$(TARGET_NAME)";
				SWIFT_SWIFT3_OBJC_INFERENCE = On;
				SWIFT_VERSION = 4.0;
				TEST_TARGET_NAME = MovieApp;
			};
			name = Release;
		};
/* End XCBuildConfiguration section */

/* Begin XCConfigurationList section */
		10A67B511F101C700015E234 /* Build configuration list for PBXProject "MovieApp" */ = {
			isa = XCConfigurationList;
			buildConfigurations = (
				10A67B7C1F101C710015E234 /* Debug */,
				10A67B7D1F101C710015E234 /* Release */,
			);
			defaultConfigurationIsVisible = 0;
			defaultConfigurationName = Release;
		};
		10A67B7E1F101C710015E234 /* Build configuration list for PBXNativeTarget "MovieApp" */ = {
			isa = XCConfigurationList;
			buildConfigurations = (
				10A67B7F1F101C710015E234 /* Debug */,
				10A67B801F101C710015E234 /* Release */,
			);
			defaultConfigurationIsVisible = 0;
			defaultConfigurationName = Release;
		};
		10A67B811F101C710015E234 /* Build configuration list for PBXNativeTarget "MovieAppTests" */ = {
			isa = XCConfigurationList;
			buildConfigurations = (
				10A67B821F101C710015E234 /* Debug */,
				10A67B831F101C710015E234 /* Release */,
			);
			defaultConfigurationIsVisible = 0;
			defaultConfigurationName = Release;
		};
		10A67B841F101C710015E234 /* Build configuration list for PBXNativeTarget "MovieAppUITests" */ = {
			isa = XCConfigurationList;
			buildConfigurations = (
				10A67B851F101C710015E234 /* Debug */,
				10A67B861F101C710015E234 /* Release */,
			);
			defaultConfigurationIsVisible = 0;
			defaultConfigurationName = Release;
		};
/* End XCConfigurationList section */
	};
	rootObject = 10A67B4E1F101C700015E234 /* Project object */;
}
